
Microsoft Visual Studio Solution File, Format Version 12.00
# Visual Studio 15
VisualStudioVersion = 15.0.27130.2036
MinimumVisualStudioVersion = 10.0.40219.1
Project("{FAE04EC0-301F-11D3-BF4B-00C04F79EFBC}") = "CompanyNews", "CompanyNews\CompanyNews.csproj", "{59B5CB80-4913-4DDF-A0DC-98CA65DF2D12}"
EndProject
Global
	GlobalSection(SolutionConfigurationPlatforms) = preSolution
		Debug|Any CPU = Debug|Any CPU
		Release|Any CPU = Release|Any CPU
	EndGlobalSection
	GlobalSection(ProjectConfigurationPlatforms) = postSolution
		{59B5CB80-4913-4DDF-A0DC-98CA65DF2D12}.Debug|Any CPU.ActiveCfg = Debug|Any CPU
		{59B5CB80-4913-4DDF-A0DC-98CA65DF2D12}.Debug|Any CPU.Build.0 = Debug|Any CPU
		{59B5CB80-4913-4DDF-A0DC-98CA65DF2D12}.Debug|Any CPU.Deploy.0 = Debug|Any CPU
		{59B5CB80-4913-4DDF-A0DC-98CA65DF2D12}.Release|Any CPU.ActiveCfg = Release|Any CPU
		{59B5CB80-4913-4DDF-A0DC-98CA65DF2D12}.Release|Any CPU.Build.0 = Release|Any CPU
		{59B5CB80-4913-4DDF-A0DC-98CA65DF2D12}.Release|Any CPU.Deploy.0 = Release|Any CPU
	EndGlobalSection
	GlobalSection(SolutionProperties) = preSolution
		HideSolutionNode = FALSE
	EndGlobalSection
	GlobalSection(ExtensibilityGlobals) = postSolution
		SolutionGuid = {68738755-44A8-456D-8365-26EC7D4B6FC3}
	EndGlobalSection
EndGlobal
